
Microsoft Visual Studio Solution File, Format Version 12.00
# Visual Studio Version 17
VisualStudioVersion = 17.6.33829.357
MinimumVisualStudioVersion = 10.0.40219.1
Project("{FAE04EC0-301F-11D3-BF4B-00C04F79EFBC}") = "IngameScript1", "IngameScript1\IngameScript1.csproj", "{A91F3173-A099-4334-A821-7DE1EFE244BC}"
EndProject
Global
	GlobalSection(SolutionConfigurationPlatforms) = preSolution
		Debug|x64 = Debug|x64
	EndGlobalSection
	GlobalSection(ProjectConfigurationPlatforms) = postSolution
		{A91F3173-A099-4334-A821-7DE1EFE244BC}.Debug|x64.ActiveCfg = Debug|x64
		{A91F3173-A099-4334-A821-7DE1EFE244BC}.Debug|x64.Build.0 = Debug|x64
	EndGlobalSection
	GlobalSection(SolutionProperties) = preSolution
		HideSolutionNode = FALSE
	EndGlobalSection
	GlobalSection(ExtensibilityGlobals) = postSolution
		SolutionGuid = {5AA34A87-8852-4E07-8538-BF285164A76D}
	EndGlobalSection
EndGlobal
